
Microsoft Visual Studio Solution File, Format Version 12.00
# Visual Studio Version 17
VisualStudioVersion = 17.4.33103.184
MinimumVisualStudioVersion = 10.0.40219.1
Project("{FAE04EC0-301F-11D3-BF4B-00C04F79EFBC}") = "ChatApi", "ChatApi.csproj", "{E432319A-E3FB-41F2-B2D6-657C73B05DB5}"
EndProject
Global
	GlobalSection(SolutionConfigurationPlatforms) = preSolution
		Debug|Any CPU = Debug|Any CPU
		Release|Any CPU = Release|Any CPU
	EndGlobalSection
	GlobalSection(ProjectConfigurationPlatforms) = postSolution
		{E432319A-E3FB-41F2-B2D6-657C73B05DB5}.Debug|Any CPU.ActiveCfg = Debug|Any CPU
		{E432319A-E3FB-41F2-B2D6-657C73B05DB5}.Debug|Any CPU.Build.0 = Debug|Any CPU
		{E432319A-E3FB-41F2-B2D6-657C73B05DB5}.Release|Any CPU.ActiveCfg = Release|Any CPU
		{E432319A-E3FB-41F2-B2D6-657C73B05DB5}.Release|Any CPU.Build.0 = Release|Any CPU
	EndGlobalSection
	GlobalSection(SolutionProperties) = preSolution
		HideSolutionNode = FALSE
	EndGlobalSection
	GlobalSection(ExtensibilityGlobals) = postSolution
		SolutionGuid = {8E584A55-6CD8-4F2D-B11C-161DE4D14AC2}
	EndGlobalSection
EndGlobal
